NeoBundleLock ctrlp.vim 2e773fd8c7548526853fff6ee2e642eafbbe3d04
NeoBundleLock indentLine 47648734706fb2cd0e4d4350f12157d1e5f4c465
NeoBundleLock neobundle.vim 1306c131ff0a6cc094b7ff0727350e442b5427f1
NeoBundleLock neosnippet-snippets 38024eceb05df57c1a3dbf64079f1120f51deb3c
NeoBundleLock neosnippet.vim 00908a8a5f56fad3e6f30b2ed7b825b62294926a
NeoBundleLock syntastic 1089ee5212b833d73c96ca93773b9eca1a0f721b
NeoBundleLock vim-colorschemes 9e7ab1cfec5d3db85aa1c4e87329fd869ecf94e9
NeoBundleLock vim-fugitive bd0b87d36ad80e8acd94f22028d15ebb441b1c28
NeoBundleLock vim-matlab 8514838cd046de524ab104587666299ffa512fb7
NeoBundleLock vim-minimap 65ab020961c760bc56a771ffae541fe669536f50
NeoBundleLock vimshell 3787e52766812d8b99a93ccdda57517bc2a0bab6
